{
    "name": "no-name-set",
    "lockfileVersion": 2,
    "requires": true,
    "packages": {
        "": {
            "dependencies": {
                "@dataform/core": "2.8.4",
                "dfe-analytics-dataform": "https://github.com/DFE-Digital/dfe-analytics-dataform/archive/refs/tags/v1.8.1.tar.gz"
            }
        },
        "node_modules/@dataform/core": {
            "version": "2.8.4",
            "resolved": "https://registry.npmjs.org/@dataform/core/-/core-2.8.4.tgz",
            "integrity": "sha512-Q73D5BwviHzZmTICVoUPati3ellySuF7hsyL3h27vez+aMXb7dqZJiphHj5Pkg7NQFS/F++5my9pPMuYqf6zbQ=="
        },
        "node_modules/dfe-analytics-dataform": {
            "resolved": "https://github.com/DFE-Digital/dfe-analytics-dataform/archive/refs/tags/v1.8.1.tar.gz",
            "integrity": "sha512-qzDSmTkPU191T6nj04v7sDR5C4Yj1ie0eWL+0eIJupm8e4gD7cPl76tqvORxBq/k/ex3QFeO8/9uBPmeQxV6hQ==",
            "dependencies": {
                "@dataform/core": "2.8.2"
            }
        },
        "node_modules/dfe-analytics-dataform/node_modules/@dataform/core": {
            "version": "2.8.2",
            "resolved": "https://registry.npmjs.org/@dataform/core/-/core-2.8.2.tgz",
            "integrity": "sha512-VdlBEk4g8YUGgXAxEYvUzQ+bbYyf3/XLcFgwH9TntpE2K5cXdAz2DIPNRbmH0yjmaePHC9w9WDXzpLz+fJucCw=="
        }
    },
    "dependencies": {
        "@dataform/core": {
            "version": "2.8.4",
            "resolved": "https://registry.npmjs.org/@dataform/core/-/core-2.8.4.tgz",
            "integrity": "sha512-Q73D5BwviHzZmTICVoUPati3ellySuF7hsyL3h27vez+aMXb7dqZJiphHj5Pkg7NQFS/F++5my9pPMuYqf6zbQ=="
        },
        "dfe-analytics-dataform": {
            "version": "https://github.com/DFE-Digital/dfe-analytics-dataform/archive/refs/tags/v1.8.1.tar.gz",
            "integrity": "sha512-qzDSmTkPU191T6nj04v7sDR5C4Yj1ie0eWL+0eIJupm8e4gD7cPl76tqvORxBq/k/ex3QFeO8/9uBPmeQxV6hQ==",
            "requires": {
                "@dataform/core": "2.8.2"
            },
            "dependencies": {
                "@dataform/core": {
                    "version": "2.8.2",
                    "resolved": "https://registry.npmjs.org/@dataform/core/-/core-2.8.2.tgz",
                    "integrity": "sha512-VdlBEk4g8YUGgXAxEYvUzQ+bbYyf3/XLcFgwH9TntpE2K5cXdAz2DIPNRbmH0yjmaePHC9w9WDXzpLz+fJucCw=="
                }
            }
        }
    }
}
